// !$*UTF8*$!
{
	archiveVersion = 1;
	classes = {
	};
	objectVersion = 50;
	objects = {

/* Begin PBXBuildFile section */
		6CE12BFBB665A2D7111C060C /* Pods_Project_RTests.framework in Frameworks */ = {isa = PBXBuildFile; fileRef = 8017FE2158174D16B5F44DCB /* Pods_Project_RTests.framework */; };
		74116F47F32778D9B42622D2 /* Pods_Project_RUITests.framework in Frameworks */ = {isa = PBXBuildFile; fileRef = 218C4CE2692F64FCFC5E47DF /* Pods_Project_RUITests.framework */; };
		AE3CF25A20BFAEC10074D5F7 /* Constants.swift in Sources */ = {isa = PBXBuildFile; fileRef = AE3CF25920BFAEC00074D5F7 /* Constants.swift */; };
		AE3CF25E20BFAF2A0074D5F7 /* AuthService.swift in Sources */ = {isa = PBXBuildFile; fileRef = AE3CF25C20BFAF290074D5F7 /* AuthService.swift */; };
		AE3CF25F20BFAF2A0074D5F7 /* PrefsManager.swift in Sources */ = {isa = PBXBuildFile; fileRef = AE3CF25D20BFAF2A0074D5F7 /* PrefsManager.swift */; };
		AE3CF27420BFAF530074D5F7 /* SignUpViewController.swift in Sources */ = {isa = PBXBuildFile; fileRef = AE3CF26120BFAF4A0074D5F7 /* SignUpViewController.swift */; };
		AE3CF27520BFAF530074D5F7 /* PhotoCollectionViewCell.swift in Sources */ = {isa = PBXBuildFile; fileRef = AE3CF26220BFAF4B0074D5F7 /* PhotoCollectionViewCell.swift */; };
		AE3CF27620BFAF530074D5F7 /* TextScroll.swift in Sources */ = {isa = PBXBuildFile; fileRef = AE3CF26320BFAF4B0074D5F7 /* TextScroll.swift */; };
		AE3CF27720BFAF530074D5F7 /* OnboardVc.swift in Sources */ = {isa = PBXBuildFile; fileRef = AE3CF26420BFAF4C0074D5F7 /* OnboardVc.swift */; };
		AE3CF27820BFAF530074D5F7 /* DiscoverViewController.swift in Sources */ = {isa = PBXBuildFile; fileRef = AE3CF26520BFAF4C0074D5F7 /* DiscoverViewController.swift */; };
		AE3CF27920BFAF530074D5F7 /* CameraViewController.swift in Sources */ = {isa = PBXBuildFile; fileRef = AE3CF26620BFAF4D0074D5F7 /* CameraViewController.swift */; };
		AE3CF27A20BFAF530074D5F7 /* HomeViewController.swift in Sources */ = {isa = PBXBuildFile; fileRef = AE3CF26720BFAF4D0074D5F7 /* HomeViewController.swift */; };
		AE3CF27B20BFAF530074D5F7 /* ProfileViewController.swift in Sources */ = {isa = PBXBuildFile; fileRef = AE3CF26820BFAF4E0074D5F7 /* ProfileViewController.swift */; };
		AE3CF27C20BFAF530074D5F7 /* CommentTableViewCell.swift in Sources */ = {isa = PBXBuildFile; fileRef = AE3CF26920BFAF4E0074D5F7 /* CommentTableViewCell.swift */; };
		AE3CF27D20BFAF530074D5F7 /* CommentViewController.swift in Sources */ = {isa = PBXBuildFile; fileRef = AE3CF26A20BFAF4F0074D5F7 /* CommentViewController.swift */; };
		AE3CF27E20BFAF530074D5F7 /* ProfileLinkViewController.swift in Sources */ = {isa = PBXBuildFile; fileRef = AE3CF26B20BFAF4F0074D5F7 /* ProfileLinkViewController.swift */; };
		AE3CF27F20BFAF530074D5F7 /* TermsServiceController.swift in Sources */ = {isa = PBXBuildFile; fileRef = AE3CF26C20BFAF500074D5F7 /* TermsServiceController.swift */; };
		AE3CF28020BFAF530074D5F7 /* HomeTableViewCell.swift in Sources */ = {isa = PBXBuildFile; fileRef = AE3CF26D20BFAF500074D5F7 /* HomeTableViewCell.swift */; };
		AE3CF28120BFAF530074D5F7 /* UserViewController.swift in Sources */ = {isa = PBXBuildFile; fileRef = AE3CF26E20BFAF510074D5F7 /* UserViewController.swift */; };
		AE3CF28220BFAF530074D5F7 /* ProfileHeaderCollectionReusableView.swift in Sources */ = {isa = PBXBuildFile; fileRef = AE3CF26F20BFAF510074D5F7 /* ProfileHeaderCollectionReusableView.swift */; };
		AE3CF28320BFAF530074D5F7 /* SignInViewController.swift in Sources */ = {isa = PBXBuildFile; fileRef = AE3CF27020BFAF520074D5F7 /* SignInViewController.swift */; };
		AE3CF28420BFAF530074D5F7 /* ForgetPassword.swift in Sources */ = {isa = PBXBuildFile; fileRef = AE3CF27120BFAF520074D5F7 /* ForgetPassword.swift */; };
		AE3CF28520BFAF530074D5F7 /* ActivityViewController.swift in Sources */ = {isa = PBXBuildFile; fileRef = AE3CF27220BFAF530074D5F7 /* ActivityViewController.swift */; };
		AE3CF28620BFAF530074D5F7 /* ImageZoom.swift in Sources */ = {isa = PBXBuildFile; fileRef = AE3CF27320BFAF530074D5F7 /* ImageZoom.swift */; };
		AE3CF29020BFAF730074D5F7 /* Activity.storyboard in Resources */ = {isa = PBXBuildFile; fileRef = AE3CF28820BFAF6F0074D5F7 /* Activity.storyboard */; };
		AE3CF29120BFAF730074D5F7 /* sample.jpg in Resources */ = {isa = PBXBuildFile; fileRef = AE3CF28920BFAF6F0074D5F7 /* sample.jpg */; };
		AE3CF29220BFAF730074D5F7 /* Camera.storyboard in Resources */ = {isa = PBXBuildFile; fileRef = AE3CF28A20BFAF700074D5F7 /* Camera.storyboard */; };
		AE3CF29320BFAF730074D5F7 /* Profile.storyboard in Resources */ = {isa = PBXBuildFile; fileRef = AE3CF28B20BFAF710074D5F7 /* Profile.storyboard */; };
		AE3CF29520BFAF730074D5F7 /* Start.storyboard in Resources */ = {isa = PBXBuildFile; fileRef = AE3CF28D20BFAF720074D5F7 /* Start.storyboard */; };
		AE3CF29620BFAF730074D5F7 /* TabBar.storyboard in Resources */ = {isa = PBXBuildFile; fileRef = AE3CF28E20BFAF720074D5F7 /* TabBar.storyboard */; };
		AE3CF29720BFAF730074D5F7 /* Home.storyboard in Resources */ = {isa = PBXBuildFile; fileRef = AE3CF28F20BFAF730074D5F7 /* Home.storyboard */; };
		AE3CF2A420BFAF890074D5F7 /* Comment.swift in Sources */ = {isa = PBXBuildFile; fileRef = AE3CF29920BFAF840074D5F7 /* Comment.swift */; };
		AE3CF2A520BFAF890074D5F7 /* UserPostAPI.swift in Sources */ = {isa = PBXBuildFile; fileRef = AE3CF29A20BFAF850074D5F7 /* UserPostAPI.swift */; };
		AE3CF2A620BFAF890074D5F7 /* UserAPI.swift in Sources */ = {isa = PBXBuildFile; fileRef = AE3CF29B20BFAF850074D5F7 /* UserAPI.swift */; };
		AE3CF2A720BFAF890074D5F7 /* PostAPI.swift in Sources */ = {isa = PBXBuildFile; fileRef = AE3CF29C20BFAF860074D5F7 /* PostAPI.swift */; };
		AE3CF2A820BFAF890074D5F7 /* API.swift in Sources */ = {isa = PBXBuildFile; fileRef = AE3CF29D20BFAF860074D5F7 /* API.swift */; };
		AE3CF2A920BFAF890074D5F7 /* Post.swift in Sources */ = {isa = PBXBuildFile; fileRef = AE3CF29E20BFAF870074D5F7 /* Post.swift */; };
		AE3CF2AA20BFAF890074D5F7 /* Users.swift in Sources */ = {isa = PBXBuildFile; fileRef = AE3CF29F20BFAF870074D5F7 /* Users.swift */; };
		AE3CF2AB20BFAF890074D5F7 /* PostCommentAPI.swift in Sources */ = {isa = PBXBuildFile; fileRef = AE3CF2A020BFAF880074D5F7 /* PostCommentAPI.swift */; };
		AE3CF2AC20BFAF890074D5F7 /* SortPost.swift in Sources */ = {isa = PBXBuildFile; fileRef = AE3CF2A120BFAF880074D5F7 /* SortPost.swift */; };
		AE3CF2AD20BFAF890074D5F7 /* SortComment.swift in Sources */ = {isa = PBXBuildFile; fileRef = AE3CF2A220BFAF890074D5F7 /* SortComment.swift */; };
		AE3CF2AE20BFAF890074D5F7 /* CommentAPI.swift in Sources */ = {isa = PBXBuildFile; fileRef = AE3CF2A320BFAF890074D5F7 /* CommentAPI.swift */; };
		AE3CF2B320C03C0B0074D5F7 /* NotificationViewController.swift in Sources */ = {isa = PBXBuildFile; fileRef = AE3CF2B220C03C0B0074D5F7 /* NotificationViewController.swift */; };
		AE4F075020C8300F00B6D230 /* FeedApi.swift in Sources */ = {isa = PBXBuildFile; fileRef = AE4F074E20C8300E00B6D230 /* FeedApi.swift */; };
		AE4F075120C8300F00B6D230 /* FollowApi.swift in Sources */ = {isa = PBXBuildFile; fileRef = AE4F074F20C8300F00B6D230 /* FollowApi.swift */; };
		AE4F075320C8365100B6D230 /* MyPostsApi.swift in Sources */ = {isa = PBXBuildFile; fileRef = AE4F075220C8365000B6D230 /* MyPostsApi.swift */; };
		AE6444E620BD798500216484 /* Assets.xcassets in Resources */ = {isa = PBXBuildFile; fileRef = AE6444E520BD798500216484 /* Assets.xcassets */; };
		AE6444E920BD798500216484 /* LaunchScreen.storyboard in Resources */ = {isa = PBXBuildFile; fileRef = AE6444E720BD798500216484 /* LaunchScreen.storyboard */; };
		AE6444F420BD798500216484 /* Project_RTests.swift in Sources */ = {isa = PBXBuildFile; fileRef = AE6444F320BD798500216484 /* Project_RTests.swift */; };
		AE6444FF20BD798500216484 /* Project_RUITests.swift in Sources */ = {isa = PBXBuildFile; fileRef = AE6444FE20BD798500216484 /* Project_RUITests.swift */; };
		AE64451A20BD79F500216484 /* ProgressHUD.bundle in Resources */ = {isa = PBXBuildFile; fileRef = AE64451720BD79F500216484 /* ProgressHUD.bundle */; };
		AE64451B20BD79F500216484 /* ProgressHUD.m in Sources */ = {isa = PBXBuildFile; fileRef = AE64451920BD79F500216484 /* ProgressHUD.m */; };
		AE64456B20BD7A6A00216484 /* AppDelegate.swift in Sources */ = {isa = PBXBuildFile; fileRef = AE64456A20BD7A6A00216484 /* AppDelegate.swift */; };
		AE64456D20BD7B4E00216484 /* GoogleService-Info.plist in Resources */ = {isa = PBXBuildFile; fileRef = AE64456C20BD7B4B00216484 /* GoogleService-Info.plist */; };
		AE7AA98120C684FA00E9F805 /* CheckInViewController.swift in Sources */ = {isa = PBXBuildFile; fileRef = AE7AA98020C684FA00E9F805 /* CheckInViewController.swift */; };
		AE7AA98320C6892500E9F805 /* checkInPost.swift in Sources */ = {isa = PBXBuildFile; fileRef = AE7AA98220C6892500E9F805 /* checkInPost.swift */; };
		AE7AA98B20C695A800E9F805 /* locationNameTableViewCell.swift in Sources */ = {isa = PBXBuildFile; fileRef = AE7AA98A20C695A800E9F805 /* locationNameTableViewCell.swift */; };
		AEE4F4F320C7ABB90047A2B6 /* people.storyboard in Resources */ = {isa = PBXBuildFile; fileRef = AEE4F4F220C7ABB90047A2B6 /* people.storyboard */; };
		AEE4F4F520C7ADF10047A2B6 /* peopleViewController.swift in Sources */ = {isa = PBXBuildFile; fileRef = AEE4F4F420C7ADF10047A2B6 /* peopleViewController.swift */; };
		AEE4F4F720C7B00B0047A2B6 /* peopleTableViewCell.swift in Sources */ = {isa = PBXBuildFile; fileRef = AEE4F4F620C7B00B0047A2B6 /* peopleTableViewCell.swift */; };
		C6C5A3A5B7E6C1FBBA4846A0 /* Pods_Project_R.framework in Frameworks */ = {isa = PBXBuildFile; fileRef = B79CB268E129286815C907D1 /* Pods_Project_R.framework */; };
/* End PBXBuildFile section */

/* Begin PBXContainerItemProxy section */
		AE6444F020BD798500216484 /* PBXContainerItemProxy */ = {
			isa = PBXContainerItemProxy;
			containerPortal = AE6444D320BD797E00216484 /* Project object */;
			proxyType = 1;
			remoteGlobalIDString = AE6444DA20BD797E00216484;
			remoteInfo = Project_R;
		};
		AE6444FB20BD798500216484 /* PBXContainerItemProxy */ = {
			isa = PBXContainerItemProxy;
			containerPortal = AE6444D320BD797E00216484 /* Project object */;
			proxyType = 1;
			remoteGlobalIDString = AE6444DA20BD797E00216484;
			remoteInfo = Project_R;
		};
/* End PBXContainerItemProxy section */

/* Begin PBXFileReference section */
		1FA443CF77ABD732C0AD5CBA /* Pods-Project_RUITests.debug.xcconfig */ = {isa = PBXFileReference; includeInIndex = 1; lastKnownFileType = text.xcconfig; name = "Pods-Project_RUITests.debug.xcconfig"; path = "Pods/Target Support Files/Pods-Project_RUITests/Pods-Project_RUITests.debug.xcconfig"; sourceTree = "<group>"; };
		218C4CE2692F64FCFC5E47DF /* Pods_Project_RUITests.framework */ = {isa = PBXFileReference; explicitFileType = wrapper.framework; includeInIndex = 0; path = Pods_Project_RUITests.framework; sourceTree = BUILT_PRODUCTS_DIR; };
		6414D70B7790359292C044A4 /* Pods-Project_RTests.debug.xcconfig */ = {isa = PBXFileReference; includeInIndex = 1; lastKnownFileType = text.xcconfig; name = "Pods-Project_RTests.debug.xcconfig"; path = "Pods/Target Support Files/Pods-Project_RTests/Pods-Project_RTests.debug.xcconfig"; sourceTree = "<group>"; };
		6D45ED1DC474B8A027E98B41 /* Pods-Project_R.debug.xcconfig */ = {isa = PBXFileReference; includeInIndex = 1; lastKnownFileType = text.xcconfig; name = "Pods-Project_R.debug.xcconfig"; path = "Pods/Target Support Files/Pods-Project_R/Pods-Project_R.debug.xcconfig"; sourceTree = "<group>"; };
		8017FE2158174D16B5F44DCB /* Pods_Project_RTests.framework */ = {isa = PBXFileReference; explicitFileType = wrapper.framework; includeInIndex = 0; path = Pods_Project_RTests.framework; sourceTree = BUILT_PRODUCTS_DIR; };
		8BED8746D785E3F6D324DD8D /* Pods-Project_RUITests.release.xcconfig */ = {isa = PBXFileReference; includeInIndex = 1; lastKnownFileType = text.xcconfig; name = "Pods-Project_RUITests.release.xcconfig"; path = "Pods/Target Support Files/Pods-Project_RUITests/Pods-Project_RUITests.release.xcconfig"; sourceTree = "<group>"; };
		AE3CF25920BFAEC00074D5F7 /* Constants.swift */ = {isa = PBXFileReference; fileEncoding = 4; lastKnownFileType = sourcecode.swift; path = Constants.swift; sourceTree = "<group>"; };
		AE3CF25C20BFAF290074D5F7 /* AuthService.swift */ = {isa = PBXFileReference; fileEncoding = 4; lastKnownFileType = sourcecode.swift; path = AuthService.swift; sourceTree = "<group>"; };
		AE3CF25D20BFAF2A0074D5F7 /* PrefsManager.swift */ = {isa = PBXFileReference; fileEncoding = 4; lastKnownFileType = sourcecode.swift; path = PrefsManager.swift; sourceTree = "<group>"; };
		AE3CF26120BFAF4A0074D5F7 /* SignUpViewController.swift */ = {isa = PBXFileReference; fileEncoding = 4; lastKnownFileType = sourcecode.swift; path = SignUpViewController.swift; sourceTree = "<group>"; };
		AE3CF26220BFAF4B0074D5F7 /* PhotoCollectionViewCell.swift */ = {isa = PBXFileReference; fileEncoding = 4; lastKnownFileType = sourcecode.swift; path = PhotoCollectionViewCell.swift; sourceTree = "<group>"; };
		AE3CF26320BFAF4B0074D5F7 /* TextScroll.swift */ = {isa = PBXFileReference; fileEncoding = 4; lastKnownFileType = sourcecode.swift; path = TextScroll.swift; sourceTree = "<group>"; };
		AE3CF26420BFAF4C0074D5F7 /* OnboardVc.swift */ = {isa = PBXFileReference; fileEncoding = 4; lastKnownFileType = sourcecode.swift; path = OnboardVc.swift; sourceTree = "<group>"; };
		AE3CF26520BFAF4C0074D5F7 /* DiscoverViewController.swift */ = {isa = PBXFileReference; fileEncoding = 4; lastKnownFileType = sourcecode.swift; path = DiscoverViewController.swift; sourceTree = "<group>"; };
		AE3CF26620BFAF4D0074D5F7 /* CameraViewController.swift */ = {isa = PBXFileReference; fileEncoding = 4; lastKnownFileType = sourcecode.swift; path = CameraViewController.swift; sourceTree = "<group>"; };
		AE3CF26720BFAF4D0074D5F7 /* HomeViewController.swift */ = {isa = PBXFileReference; fileEncoding = 4; lastKnownFileType = sourcecode.swift; path = HomeViewController.swift; sourceTree = "<group>"; };
		AE3CF26820BFAF4E0074D5F7 /* ProfileViewController.swift */ = {isa = PBXFileReference; fileEncoding = 4; lastKnownFileType = sourcecode.swift; path = ProfileViewController.swift; sourceTree = "<group>"; };
		AE3CF26920BFAF4E0074D5F7 /* CommentTableViewCell.swift */ = {isa = PBXFileReference; fileEncoding = 4; lastKnownFileType = sourcecode.swift; path = CommentTableViewCell.swift; sourceTree = "<group>"; };
		AE3CF26A20BFAF4F0074D5F7 /* CommentViewController.swift */ = {isa = PBXFileReference; fileEncoding = 4; lastKnownFileType = sourcecode.swift; path = CommentViewController.swift; sourceTree = "<group>"; };
		AE3CF26B20BFAF4F0074D5F7 /* ProfileLinkViewController.swift */ = {isa = PBXFileReference; fileEncoding = 4; lastKnownFileType = sourcecode.swift; path = ProfileLinkViewController.swift; sourceTree = "<group>"; };
		AE3CF26C20BFAF500074D5F7 /* TermsServiceController.swift */ = {isa = PBXFileReference; fileEncoding = 4; lastKnownFileType = sourcecode.swift; path = TermsServiceController.swift; sourceTree = "<group>"; };
		AE3CF26D20BFAF500074D5F7 /* HomeTableViewCell.swift */ = {isa = PBXFileReference; fileEncoding = 4; lastKnownFileType = sourcecode.swift; path = HomeTableViewCell.swift; sourceTree = "<group>"; };
		AE3CF26E20BFAF510074D5F7 /* UserViewController.swift */ = {isa = PBXFileReference; fileEncoding = 4; lastKnownFileType = sourcecode.swift; path = UserViewController.swift; sourceTree = "<group>"; };
		AE3CF26F20BFAF510074D5F7 /* ProfileHeaderCollectionReusableView.swift */ = {isa = PBXFileReference; fileEncoding = 4; lastKnownFileType = sourcecode.swift; path = ProfileHeaderCollectionReusableView.swift; sourceTree = "<group>"; };
		AE3CF27020BFAF520074D5F7 /* SignInViewController.swift */ = {isa = PBXFileReference; fileEncoding = 4; lastKnownFileType = sourcecode.swift; path = SignInViewController.swift; sourceTree = "<group>"; };
		AE3CF27120BFAF520074D5F7 /* ForgetPassword.swift */ = {isa = PBXFileReference; fileEncoding = 4; lastKnownFileType = sourcecode.swift; path = ForgetPassword.swift; sourceTree = "<group>"; };
		AE3CF27220BFAF530074D5F7 /* ActivityViewController.swift */ = {isa = PBXFileReference; fileEncoding = 4; lastKnownFileType = sourcecode.swift; path = ActivityViewController.swift; sourceTree = "<group>"; };
		AE3CF27320BFAF530074D5F7 /* ImageZoom.swift */ = {isa = PBXFileReference; fileEncoding = 4; lastKnownFileType = sourcecode.swift; path = ImageZoom.swift; sourceTree = "<group>"; };
		AE3CF28820BFAF6F0074D5F7 /* Activity.storyboard */ = {isa = PBXFileReference; fileEncoding = 4; lastKnownFileType = file.storyboard; path = Activity.storyboard; sourceTree = "<group>"; };
		AE3CF28920BFAF6F0074D5F7 /* sample.jpg */ = {isa = PBXFileReference; lastKnownFileType = image.jpeg; path = sample.jpg; sourceTree = "<group>"; };
		AE3CF28A20BFAF700074D5F7 /* Camera.storyboard */ = {isa = PBXFileReference; fileEncoding = 4; lastKnownFileType = file.storyboard; path = Camera.storyboard; sourceTree = "<group>"; };
		AE3CF28B20BFAF710074D5F7 /* Profile.storyboard */ = {isa = PBXFileReference; fileEncoding = 4; lastKnownFileType = file.storyboard; path = Profile.storyboard; sourceTree = "<group>"; };
		AE3CF28D20BFAF720074D5F7 /* Start.storyboard */ = {isa = PBXFileReference; fileEncoding = 4; lastKnownFileType = file.storyboard; path = Start.storyboard; sourceTree = "<group>"; };
		AE3CF28E20BFAF720074D5F7 /* TabBar.storyboard */ = {isa = PBXFileReference; fileEncoding = 4; lastKnownFileType = file.storyboard; path = TabBar.storyboard; sourceTree = "<group>"; };
		AE3CF28F20BFAF730074D5F7 /* Home.storyboard */ = {isa = PBXFileReference; fileEncoding = 4; lastKnownFileType = file.storyboard; path = Home.storyboard; sourceTree = "<group>"; };
		AE3CF29920BFAF840074D5F7 /* Comment.swift */ = {isa = PBXFileReference; fileEncoding = 4; lastKnownFileType = sourcecode.swift; path = Comment.swift; sourceTree = "<group>"; };
		AE3CF29A20BFAF850074D5F7 /* UserPostAPI.swift */ = {isa = PBXFileReference; fileEncoding = 4; lastKnownFileType = sourcecode.swift; path = UserPostAPI.swift; sourceTree = "<group>"; };
		AE3CF29B20BFAF850074D5F7 /* UserAPI.swift */ = {isa = PBXFileReference; fileEncoding = 4; lastKnownFileType = sourcecode.swift; path = UserAPI.swift; sourceTree = "<group>"; };
		AE3CF29C20BFAF860074D5F7 /* PostAPI.swift */ = {isa = PBXFileReference; fileEncoding = 4; lastKnownFileType = sourcecode.swift; path = PostAPI.swift; sourceTree = "<group>"; };
		AE3CF29D20BFAF860074D5F7 /* API.swift */ = {isa = PBXFileReference; fileEncoding = 4; lastKnownFileType = sourcecode.swift; path = API.swift; sourceTree = "<group>"; };
		AE3CF29E20BFAF870074D5F7 /* Post.swift */ = {isa = PBXFileReference; fileEncoding = 4; lastKnownFileType = sourcecode.swift; path = Post.swift; sourceTree = "<group>"; };
		AE3CF29F20BFAF870074D5F7 /* Users.swift */ = {isa = PBXFileReference; fileEncoding = 4; lastKnownFileType = sourcecode.swift; path = Users.swift; sourceTree = "<group>"; };
		AE3CF2A020BFAF880074D5F7 /* PostCommentAPI.swift */ = {isa = PBXFileReference; fileEncoding = 4; lastKnownFileType = sourcecode.swift; path = PostCommentAPI.swift; sourceTree = "<group>"; };
		AE3CF2A120BFAF880074D5F7 /* SortPost.swift */ = {isa = PBXFileReference; fileEncoding = 4; lastKnownFileType = sourcecode.swift; path = SortPost.swift; sourceTree = "<group>"; };
		AE3CF2A220BFAF890074D5F7 /* SortComment.swift */ = {isa = PBXFileReference; fileEncoding = 4; lastKnownFileType = sourcecode.swift; path = SortComment.swift; sourceTree = "<group>"; };
		AE3CF2A320BFAF890074D5F7 /* CommentAPI.swift */ = {isa = PBXFileReference; fileEncoding = 4; lastKnownFileType = sourcecode.swift; path = CommentAPI.swift; sourceTree = "<group>"; };
		AE3CF2AF20BFD76F0074D5F7 /* Project_R.entitlements */ = {isa = PBXFileReference; lastKnownFileType = text.plist.entitlements; path = Project_R.entitlements; sourceTree = "<group>"; };
		AE3CF2B220C03C0B0074D5F7 /* NotificationViewController.swift */ = {isa = PBXFileReference; lastKnownFileType = sourcecode.swift; path = NotificationViewController.swift; sourceTree = "<group>"; };
		AE4F074E20C8300E00B6D230 /* FeedApi.swift */ = {isa = PBXFileReference; fileEncoding = 4; lastKnownFileType = sourcecode.swift; path = FeedApi.swift; sourceTree = "<group>"; };
		AE4F074F20C8300F00B6D230 /* FollowApi.swift */ = {isa = PBXFileReference; fileEncoding = 4; lastKnownFileType = sourcecode.swift; path = FollowApi.swift; sourceTree = "<group>"; };
		AE4F075220C8365000B6D230 /* MyPostsApi.swift */ = {isa = PBXFileReference; fileEncoding = 4; lastKnownFileType = sourcecode.swift; path = MyPostsApi.swift; sourceTree = "<group>"; };
		AE6444DB20BD797E00216484 /* Project_R.app */ = {isa = PBXFileReference; explicitFileType = wrapper.application; includeInIndex = 0; path = Project_R.app; sourceTree = BUILT_PRODUCTS_DIR; };
		AE6444E520BD798500216484 /* Assets.xcassets */ = {isa = PBXFileReference; lastKnownFileType = folder.assetcatalog; path = Assets.xcassets; sourceTree = "<group>"; };
		AE6444E820BD798500216484 /* Base */ = {isa = PBXFileReference; lastKnownFileType = file.storyboard; name = Base; path = Base.lproj/LaunchScreen.storyboard; sourceTree = "<group>"; };
		AE6444EA20BD798500216484 /* Info.plist */ = {isa = PBXFileReference; lastKnownFileType = text.plist.xml; path = Info.plist; sourceTree = "<group>"; };
		AE6444EF20BD798500216484 /* Project_RTests.xctest */ = {isa = PBXFileReference; explicitFileType = wrapper.cfbundle; includeInIndex = 0; path = Project_RTests.xctest; sourceTree = BUILT_PRODUCTS_DIR; };
		AE6444F320BD798500216484 /* Project_RTests.swift */ = {isa = PBXFileReference; lastKnownFileType = sourcecode.swift; path = Project_RTests.swift; sourceTree = "<group>"; };
		AE6444F520BD798500216484 /* Info.plist */ = {isa = PBXFileReference; lastKnownFileType = text.plist.xml; path = Info.plist; sourceTree = "<group>"; };
		AE6444FA20BD798500216484 /* Project_RUITests.xctest */ = {isa = PBXFileReference; explicitFileType = wrapper.cfbundle; includeInIndex = 0; path = Project_RUITests.xctest; sourceTree = BUILT_PRODUCTS_DIR; };
		AE6444FE20BD798500216484 /* Project_RUITests.swift */ = {isa = PBXFileReference; lastKnownFileType = sourcecode.swift; path = Project_RUITests.swift; sourceTree = "<group>"; };
		AE64450020BD798500216484 /* Info.plist */ = {isa = PBXFileReference; lastKnownFileType = text.plist.xml; path = Info.plist; sourceTree = "<group>"; };
		AE64451620BD79F400216484 /* Project_R-Bridging-Header.h */ = {isa = PBXFileReference; lastKnownFileType = sourcecode.c.h; path = "Project_R-Bridging-Header.h"; sourceTree = "<group>"; };
		AE64451720BD79F500216484 /* ProgressHUD.bundle */ = {isa = PBXFileReference; lastKnownFileType = "wrapper.plug-in"; path = ProgressHUD.bundle; sourceTree = "<group>"; };
		AE64451820BD79F500216484 /* ProgressHUD.h */ = {isa = PBXFileReference; fileEncoding = 4; lastKnownFileType = sourcecode.c.h; path = ProgressHUD.h; sourceTree = "<group>"; };
		AE64451920BD79F500216484 /* ProgressHUD.m */ = {isa = PBXFileReference; fileEncoding = 4; lastKnownFileType = sourcecode.c.objc; path = ProgressHUD.m; sourceTree = "<group>"; };
		AE64456A20BD7A6A00216484 /* AppDelegate.swift */ = {isa = PBXFileReference; fileEncoding = 4; lastKnownFileType = sourcecode.swift; path = AppDelegate.swift; sourceTree = "<group>"; };
		AE64456C20BD7B4B00216484 /* GoogleService-Info.plist */ = {isa = PBXFileReference; fileEncoding = 4; lastKnownFileType = text.plist.xml; path = "GoogleService-Info.plist"; sourceTree = "<group>"; };
		AE7AA98020C684FA00E9F805 /* CheckInViewController.swift */ = {isa = PBXFileReference; lastKnownFileType = sourcecode.swift; path = CheckInViewController.swift; sourceTree = "<group>"; };
		AE7AA98220C6892500E9F805 /* checkInPost.swift */ = {isa = PBXFileReference; lastKnownFileType = sourcecode.swift; path = checkInPost.swift; sourceTree = "<group>"; };
		AE7AA98A20C695A800E9F805 /* locationNameTableViewCell.swift */ = {isa = PBXFileReference; lastKnownFileType = sourcecode.swift; path = locationNameTableViewCell.swift; sourceTree = "<group>"; };
		AEE4F4F220C7ABB90047A2B6 /* people.storyboard */ = {isa = PBXFileReference; lastKnownFileType = file.storyboard; path = people.storyboard; sourceTree = "<group>"; };
		AEE4F4F420C7ADF10047A2B6 /* peopleViewController.swift */ = {isa = PBXFileReference; lastKnownFileType = sourcecode.swift; path = peopleViewController.swift; sourceTree = "<group>"; };
		AEE4F4F620C7B00B0047A2B6 /* peopleTableViewCell.swift */ = {isa = PBXFileReference; lastKnownFileType = sourcecode.swift; path = peopleTableViewCell.swift; sourceTree = "<group>"; };
		B79CB268E129286815C907D1 /* Pods_Project_R.framework */ = {isa = PBXFileReference; explicitFileType = wrapper.framework; includeInIndex = 0; path = Pods_Project_R.framework; sourceTree = BUILT_PRODUCTS_DIR; };
		D750F312C92204BB9E00B3D1 /* Pods-Project_R.release.xcconfig */ = {isa = PBXFileReference; includeInIndex = 1; lastKnownFileType = text.xcconfig; name = "Pods-Project_R.release.xcconfig"; path = "Pods/Target Support Files/Pods-Project_R/Pods-Project_R.release.xcconfig"; sourceTree = "<group>"; };
		FCE183EFE0E23253BBEF7754 /* Pods-Project_RTests.release.xcconfig */ = {isa = PBXFileReference; includeInIndex = 1; lastKnownFileType = text.xcconfig; name = "Pods-Project_RTests.release.xcconfig"; path = "Pods/Target Support Files/Pods-Project_RTests/Pods-Project_RTests.release.xcconfig"; sourceTree = "<group>"; };
/* End PBXFileReference section */

/* Begin PBXFrameworksBuildPhase section */
		AE6444D820BD797E00216484 /* Frameworks */ = {
			isa = PBXFrameworksBuildPhase;
			buildActionMask = 2147483647;
			files = (
				C6C5A3A5B7E6C1FBBA4846A0 /* Pods_Project_R.framework in Frameworks */,
			);
			runOnlyForDeploymentPostprocessing = 0;
		};
		AE6444EC20BD798500216484 /* Frameworks */ = {
			isa = PBXFrameworksBuildPhase;
			buildActionMask = 2147483647;
			files = (
				6CE12BFBB665A2D7111C060C /* Pods_Project_RTests.framework in Frameworks */,
			);
			runOnlyForDeploymentPostprocessing = 0;
		};
		AE6444F720BD798500216484 /* Frameworks */ = {
			isa = PBXFrameworksBuildPhase;
			buildActionMask = 2147483647;
			files = (
				74116F47F32778D9B42622D2 /* Pods_Project_RUITests.framework in Frameworks */,
			);
			runOnlyForDeploymentPostprocessing = 0;
		};
/* End PBXFrameworksBuildPhase section */

/* Begin PBXGroup section */
		0CDBEDCF10B98297EA8EF3DF /* Frameworks */ = {
			isa = PBXGroup;
			children = (
				B79CB268E129286815C907D1 /* Pods_Project_R.framework */,
				8017FE2158174D16B5F44DCB /* Pods_Project_RTests.framework */,
				218C4CE2692F64FCFC5E47DF /* Pods_Project_RUITests.framework */,
			);
			name = Frameworks;
			sourceTree = "<group>";
		};
		1A5DA82CE4B5CDE23BE5D9A4 /* Pods */ = {
			isa = PBXGroup;
			children = (
				6D45ED1DC474B8A027E98B41 /* Pods-Project_R.debug.xcconfig */,
				D750F312C92204BB9E00B3D1 /* Pods-Project_R.release.xcconfig */,
				6414D70B7790359292C044A4 /* Pods-Project_RTests.debug.xcconfig */,
				FCE183EFE0E23253BBEF7754 /* Pods-Project_RTests.release.xcconfig */,
				1FA443CF77ABD732C0AD5CBA /* Pods-Project_RUITests.debug.xcconfig */,
				8BED8746D785E3F6D324DD8D /* Pods-Project_RUITests.release.xcconfig */,
			);
			name = Pods;
			sourceTree = "<group>";
		};
		AE3CF25B20BFAF100074D5F7 /* Services */ = {
			isa = PBXGroup;
			children = (
				AE3CF25C20BFAF290074D5F7 /* AuthService.swift */,
				AE3CF25D20BFAF2A0074D5F7 /* PrefsManager.swift */,
			);
			name = Services;
			path = "New Group";
			sourceTree = "<group>";
		};
		AE3CF26020BFAF300074D5F7 /* Controllers */ = {
			isa = PBXGroup;
			children = (
				AE3CF27320BFAF530074D5F7 /* ImageZoom.swift */,
				AE3CF27220BFAF530074D5F7 /* ActivityViewController.swift */,
				AE3CF26620BFAF4D0074D5F7 /* CameraViewController.swift */,
				AE3CF26920BFAF4E0074D5F7 /* CommentTableViewCell.swift */,
				AE3CF26A20BFAF4F0074D5F7 /* CommentViewController.swift */,
				AE3CF26520BFAF4C0074D5F7 /* DiscoverViewController.swift */,
				AE3CF26D20BFAF500074D5F7 /* HomeTableViewCell.swift */,
				AE3CF26720BFAF4D0074D5F7 /* HomeViewController.swift */,
				AE3CF26220BFAF4B0074D5F7 /* PhotoCollectionViewCell.swift */,
				AE3CF26F20BFAF510074D5F7 /* ProfileHeaderCollectionReusableView.swift */,
				AE3CF26820BFAF4E0074D5F7 /* ProfileViewController.swift */,
				AE3CF27020BFAF520074D5F7 /* SignInViewController.swift */,
				AE3CF26120BFAF4A0074D5F7 /* SignUpViewController.swift */,
				AE3CF26E20BFAF510074D5F7 /* UserViewController.swift */,
				AE3CF26B20BFAF4F0074D5F7 /* ProfileLinkViewController.swift */,
				AE3CF27120BFAF520074D5F7 /* ForgetPassword.swift */,
				AE3CF26320BFAF4B0074D5F7 /* TextScroll.swift */,
				AE3CF26420BFAF4C0074D5F7 /* OnboardVc.swift */,
				AE3CF26C20BFAF500074D5F7 /* TermsServiceController.swift */,
				AE3CF2B220C03C0B0074D5F7 /* NotificationViewController.swift */,
				AE7AA98020C684FA00E9F805 /* CheckInViewController.swift */,
				AE7AA98A20C695A800E9F805 /* locationNameTableViewCell.swift */,
				AEE4F4F420C7ADF10047A2B6 /* peopleViewController.swift */,
				AEE4F4F620C7B00B0047A2B6 /* peopleTableViewCell.swift */,
			);
			name = Controllers;
			path = "New Group1";
			sourceTree = "<group>";
		};
		AE3CF28720BFAF580074D5F7 /* Views */ = {
			isa = PBXGroup;
			children = (
				AE3CF28820BFAF6F0074D5F7 /* Activity.storyboard */,
				AE3CF28A20BFAF700074D5F7 /* Camera.storyboard */,
				AE3CF28F20BFAF730074D5F7 /* Home.storyboard */,
				AE3CF28B20BFAF710074D5F7 /* Profile.storyboard */,
				AE3CF28920BFAF6F0074D5F7 /* sample.jpg */,
				AE3CF28D20BFAF720074D5F7 /* Start.storyboard */,
				AE3CF28E20BFAF720074D5F7 /* TabBar.storyboard */,
				AEE4F4F220C7ABB90047A2B6 /* people.storyboard */,
			);
			name = Views;
			path = "New Group2";
			sourceTree = "<group>";
		};
		AE3CF29820BFAF770074D5F7 /* Model */ = {
			isa = PBXGroup;
			children = (
				AE3CF29D20BFAF860074D5F7 /* API.swift */,
				AE3CF29920BFAF840074D5F7 /* Comment.swift */,
				AE3CF2A320BFAF890074D5F7 /* CommentAPI.swift */,
				AE3CF29E20BFAF870074D5F7 /* Post.swift */,
				AE3CF29C20BFAF860074D5F7 /* PostAPI.swift */,
				AE4F075220C8365000B6D230 /* MyPostsApi.swift */,
				AE4F074E20C8300E00B6D230 /* FeedApi.swift */,
				AE4F074F20C8300F00B6D230 /* FollowApi.swift */,
				AE3CF2A020BFAF880074D5F7 /* PostCommentAPI.swift */,
				AE3CF2A220BFAF890074D5F7 /* SortComment.swift */,
				AE3CF2A120BFAF880074D5F7 /* SortPost.swift */,
				AE3CF29B20BFAF850074D5F7 /* UserAPI.swift */,
				AE3CF29A20BFAF850074D5F7 /* UserPostAPI.swift */,
				AE3CF29F20BFAF870074D5F7 /* Users.swift */,
				AE7AA98220C6892500E9F805 /* checkInPost.swift */,
			);
			name = Model;
			path = "New Group3";
			sourceTree = "<group>";
		};
		AE6444D220BD797E00216484 = {
			isa = PBXGroup;
			children = (
				AE6444DD20BD797E00216484 /* Project_R */,
				AE6444F220BD798500216484 /* Project_RTests */,
				AE6444FD20BD798500216484 /* Project_RUITests */,
				AE6444DC20BD797E00216484 /* Products */,
				1A5DA82CE4B5CDE23BE5D9A4 /* Pods */,
				0CDBEDCF10B98297EA8EF3DF /* Frameworks */,
			);
			sourceTree = "<group>";
		};
		AE6444DC20BD797E00216484 /* Products */ = {
			isa = PBXGroup;
			children = (
				AE6444DB20BD797E00216484 /* Project_R.app */,
				AE6444EF20BD798500216484 /* Project_RTests.xctest */,
				AE6444FA20BD798500216484 /* Project_RUITests.xctest */,
			);
			name = Products;
			sourceTree = "<group>";
		};
		AE6444DD20BD797E00216484 /* Project_R */ = {
			isa = PBXGroup;
			children = (
				AE3CF2AF20BFD76F0074D5F7 /* Project_R.entitlements */,
				AE3CF25920BFAEC00074D5F7 /* Constants.swift */,
				AE3CF25B20BFAF100074D5F7 /* Services */,
				AE64451020BD79D200216484 /* ProgressHUD */,
				AE3CF29820BFAF770074D5F7 /* Model */,
				AE3CF28720BFAF580074D5F7 /* Views */,
				AE3CF26020BFAF300074D5F7 /* Controllers */,
				AE64456A20BD7A6A00216484 /* AppDelegate.swift */,
				AE6444E520BD798500216484 /* Assets.xcassets */,
				AE6444E720BD798500216484 /* LaunchScreen.storyboard */,
				AE6444EA20BD798500216484 /* Info.plist */,
				AE64456C20BD7B4B00216484 /* GoogleService-Info.plist */,
			);
			path = Project_R;
			sourceTree = "<group>";
		};
		AE6444F220BD798500216484 /* Project_RTests */ = {
			isa = PBXGroup;
			children = (
				AE6444F320BD798500216484 /* Project_RTests.swift */,
				AE6444F520BD798500216484 /* Info.plist */,
			);
			path = Project_RTests;
			sourceTree = "<group>";
		};
		AE6444FD20BD798500216484 /* Project_RUITests */ = {
			isa = PBXGroup;
			children = (
				AE6444FE20BD798500216484 /* Project_RUITests.swift */,
				AE64450020BD798500216484 /* Info.plist */,
			);
			path = Project_RUITests;
			sourceTree = "<group>";
		};
		AE64451020BD79D200216484 /* ProgressHUD */ = {
			isa = PBXGroup;
			children = (
				AE64451720BD79F500216484 /* ProgressHUD.bundle */,
				AE64451820BD79F500216484 /* ProgressHUD.h */,
				AE64451920BD79F500216484 /* ProgressHUD.m */,
				AE64451620BD79F400216484 /* Project_R-Bridging-Header.h */,
			);
			path = ProgressHUD;
			sourceTree = "<group>";
		};
/* End PBXGroup section */

/* Begin PBXNativeTarget section */
		AE6444DA20BD797E00216484 /* Project_R */ = {
			isa = PBXNativeTarget;
			buildConfigurationList = AE64450320BD798500216484 /* Build configuration list for PBXNativeTarget "Project_R" */;
			buildPhases = (
				2C815C8A123566E0DE5C837D /* [CP] Check Pods Manifest.lock */,
				AE6444D720BD797E00216484 /* Sources */,
				AE6444D820BD797E00216484 /* Frameworks */,
				AE6444D920BD797E00216484 /* Resources */,
				EF3530E93E88339A58973BFD /* [CP] Embed Pods Frameworks */,
				BCB67AFE00268DF38FA1AE5A /* [CP] Copy Pods Resources */,
			);
			buildRules = (
			);
			dependencies = (
			);
			name = Project_R;
			productName = Project_R;
			productReference = AE6444DB20BD797E00216484 /* Project_R.app */;
			productType = "com.apple.product-type.application";
		};
		AE6444EE20BD798500216484 /* Project_RTests */ = {
			isa = PBXNativeTarget;
			buildConfigurationList = AE64450620BD798500216484 /* Build configuration list for PBXNativeTarget "Project_RTests" */;
			buildPhases = (
				21C96C15305A830002A70E47 /* [CP] Check Pods Manifest.lock */,
				AE6444EB20BD798500216484 /* Sources */,
				AE6444EC20BD798500216484 /* Frameworks */,
				AE6444ED20BD798500216484 /* Resources */,
			);
			buildRules = (
			);
			dependencies = (
				AE6444F120BD798500216484 /* PBXTargetDependency */,
			);
			name = Project_RTests;
			productName = Project_RTests;
			productReference = AE6444EF20BD798500216484 /* Project_RTests.xctest */;
			productType = "com.apple.product-type.bundle.unit-test";
		};
		AE6444F920BD798500216484 /* Project_RUITests */ = {
			isa = PBXNativeTarget;
			buildConfigurationList = AE64450920BD798500216484 /* Build configuration list for PBXNativeTarget "Project_RUITests" */;
			buildPhases = (
				041D02A36DFF37F1DE250DF1 /* [CP] Check Pods Manifest.lock */,
				AE6444F620BD798500216484 /* Sources */,
				AE6444F720BD798500216484 /* Frameworks */,
				AE6444F820BD798500216484 /* Resources */,
			);
			buildRules = (
			);
			dependencies = (
				AE6444FC20BD798500216484 /* PBXTargetDependency */,
			);
			name = Project_RUITests;
			productName = Project_RUITests;
			productReference = AE6444FA20BD798500216484 /* Project_RUITests.xctest */;
			productType = "com.apple.product-type.bundle.ui-testing";
		};
/* End PBXNativeTarget section */

/* Begin PBXProject section */
		AE6444D320BD797E00216484 /* Project object */ = {
			isa = PBXProject;
			attributes = {
				LastSwiftUpdateCheck = 0930;
				LastUpgradeCheck = 0930;
				ORGANIZATIONNAME = CZSM2;
				TargetAttributes = {
					AE6444DA20BD797E00216484 = {
						CreatedOnToolsVersion = 9.3;
						LastSwiftMigration = 0930;
						SystemCapabilities = {
							com.apple.BackgroundModes = {
								enabled = 1;
							};
							com.apple.Push = {
								enabled = 1;
							};
						};
					};
					AE6444EE20BD798500216484 = {
						CreatedOnToolsVersion = 9.3;
						TestTargetID = AE6444DA20BD797E00216484;
					};
					AE6444F920BD798500216484 = {
						CreatedOnToolsVersion = 9.3;
						TestTargetID = AE6444DA20BD797E00216484;
					};
				};
			};
			buildConfigurationList = AE6444D620BD797E00216484 /* Build configuration list for PBXProject "Project_R" */;
			compatibilityVersion = "Xcode 9.3";
			developmentRegion = en;
			hasScannedForEncodings = 0;
			knownRegions = (
				en,
				Base,
			);
			mainGroup = AE6444D220BD797E00216484;
			productRefGroup = AE6444DC20BD797E00216484 /* Products */;
			projectDirPath = "";
			projectRoot = "";
			targets = (
				AE6444DA20BD797E00216484 /* Project_R */,
				AE6444EE20BD798500216484 /* Project_RTests */,
				AE6444F920BD798500216484 /* Project_RUITests */,
			);
		};
/* End PBXProject section */

/* Begin PBXResourcesBuildPhase section */
		AE6444D920BD797E00216484 /* Resources */ = {
			isa = PBXResourcesBuildPhase;
			buildActionMask = 2147483647;
			files = (
				AE64451A20BD79F500216484 /* ProgressHUD.bundle in Resources */,
				AEE4F4F320C7ABB90047A2B6 /* people.storyboard in Resources */,
				AE3CF29620BFAF730074D5F7 /* TabBar.storyboard in Resources */,
				AE3CF29220BFAF730074D5F7 /* Camera.storyboard in Resources */,
				AE3CF29720BFAF730074D5F7 /* Home.storyboard in Resources */,
				AE3CF29320BFAF730074D5F7 /* Profile.storyboard in Resources */,
				AE3CF29120BFAF730074D5F7 /* sample.jpg in Resources */,
				AE6444E920BD798500216484 /* LaunchScreen.storyboard in Resources */,
				AE3CF29020BFAF730074D5F7 /* Activity.storyboard in Resources */,
				AE64456D20BD7B4E00216484 /* GoogleService-Info.plist in Resources */,
				AE3CF29520BFAF730074D5F7 /* Start.storyboard in Resources */,
				AE6444E620BD798500216484 /* Assets.xcassets in Resources */,
			);
			runOnlyForDeploymentPostprocessing = 0;
		};
		AE6444ED20BD798500216484 /* Resources */ = {
			isa = PBXResourcesBuildPhase;
			buildActionMask = 2147483647;
			files = (
			);
			runOnlyForDeploymentPostprocessing = 0;
		};
		AE6444F820BD798500216484 /* Resources */ = {
			isa = PBXResourcesBuildPhase;
			buildActionMask = 2147483647;
			files = (
			);
			runOnlyForDeploymentPostprocessing = 0;
		};
/* End PBXResourcesBuildPhase section */

/* Begin PBXShellScriptBuildPhase section */
		041D02A36DFF37F1DE250DF1 /* [CP] Check Pods Manifest.lock */ = {
			isa = PBXShellScriptBuildPhase;
			buildActionMask = 2147483647;
			files = (
			);
			inputPaths = (
				"${PODS_PODFILE_DIR_PATH}/Podfile.lock",
				"${PODS_ROOT}/Manifest.lock",
			);
			name = "[CP] Check Pods Manifest.lock";
			outputPaths = (
				"$(DERIVED_FILE_DIR)/Pods-Project_RUITests-checkManifestLockResult.txt",
			);
			runOnlyForDeploymentPostprocessing = 0;
			shellPath = /bin/sh;
			shellScript = "diff \"${PODS_PODFILE_DIR_PATH}/Podfile.lock\" \"${PODS_ROOT}/Manifest.lock\" > /dev/null\nif [ $? != 0 ] ; then\n    # print error to STDERR\n    echo \"error: The sandbox is not in sync with the Podfile.lock. Run 'pod install' or update your CocoaPods installation.\" >&2\n    exit 1\nfi\n# This output is used by Xcode 'outputs' to avoid re-running this script phase.\necho \"SUCCESS\" > \"${SCRIPT_OUTPUT_FILE_0}\"\n";
			showEnvVarsInLog = 0;
		};
		21C96C15305A830002A70E47 /* [CP] Check Pods Manifest.lock */ = {
			isa = PBXShellScriptBuildPhase;
			buildActionMask = 2147483647;
			files = (
			);
			inputPaths = (
				"${PODS_PODFILE_DIR_PATH}/Podfile.lock",
				"${PODS_ROOT}/Manifest.lock",
			);
			name = "[CP] Check Pods Manifest.lock";
			outputPaths = (
				"$(DERIVED_FILE_DIR)/Pods-Project_RTests-checkManifestLockResult.txt",
			);
			runOnlyForDeploymentPostprocessing = 0;
			shellPath = /bin/sh;
			shellScript = "diff \"${PODS_PODFILE_DIR_PATH}/Podfile.lock\" \"${PODS_ROOT}/Manifest.lock\" > /dev/null\nif [ $? != 0 ] ; then\n    # print error to STDERR\n    echo \"error: The sandbox is not in sync with the Podfile.lock. Run 'pod install' or update your CocoaPods installation.\" >&2\n    exit 1\nfi\n# This output is used by Xcode 'outputs' to avoid re-running this script phase.\necho \"SUCCESS\" > \"${SCRIPT_OUTPUT_FILE_0}\"\n";
			showEnvVarsInLog = 0;
		};
		2C815C8A123566E0DE5C837D /* [CP] Check Pods Manifest.lock */ = {
			isa = PBXShellScriptBuildPhase;
			buildActionMask = 2147483647;
			files = (
			);
			inputPaths = (
				"${PODS_PODFILE_DIR_PATH}/Podfile.lock",
				"${PODS_ROOT}/Manifest.lock",
			);
			name = "[CP] Check Pods Manifest.lock";
			outputPaths = (
				"$(DERIVED_FILE_DIR)/Pods-Project_R-checkManifestLockResult.txt",
			);
			runOnlyForDeploymentPostprocessing = 0;
			shellPath = /bin/sh;
			shellScript = "diff \"${PODS_PODFILE_DIR_PATH}/Podfile.lock\" \"${PODS_ROOT}/Manifest.lock\" > /dev/null\nif [ $? != 0 ] ; then\n    # print error to STDERR\n    echo \"error: The sandbox is not in sync with the Podfile.lock. Run 'pod install' or update your CocoaPods installation.\" >&2\n    exit 1\nfi\n# This output is used by Xcode 'outputs' to avoid re-running this script phase.\necho \"SUCCESS\" > \"${SCRIPT_OUTPUT_FILE_0}\"\n";
			showEnvVarsInLog = 0;
		};
		BCB67AFE00268DF38FA1AE5A /* [CP] Copy Pods Resources */ = {
			isa = PBXShellScriptBuildPhase;
			buildActionMask = 2147483647;
			files = (
			);
			inputPaths = (
				"${SRCROOT}/Pods/Target Support Files/Pods-Project_R/Pods-Project_R-resources.sh",
				"${PODS_CONFIGURATION_BUILD_DIR}/FirebaseUI/FirebaseAuthUI.bundle",
				"${PODS_CONFIGURATION_BUILD_DIR}/FirebaseUI/FirebasePhoneAuthUI.bundle",
				"${PODS_ROOT}/GooglePlaces/Frameworks/GooglePlaces.framework/Resources/GooglePlaces.bundle",
			);
			name = "[CP] Copy Pods Resources";
			outputPaths = (
				"${TARGET_BUILD_DIR}/${UNLOCALIZED_RESOURCES_FOLDER_PATH}/FirebaseAuthUI.bundle",
				"${TARGET_BUILD_DIR}/${UNLOCALIZED_RESOURCES_FOLDER_PATH}/FirebasePhoneAuthUI.bundle",
				"${TARGET_BUILD_DIR}/${UNLOCALIZED_RESOURCES_FOLDER_PATH}/GooglePlaces.bundle",
			);
			runOnlyForDeploymentPostprocessing = 0;
			shellPath = /bin/sh;
			shellScript = "\"${SRCROOT}/Pods/Target Support Files/Pods-Project_R/Pods-Project_R-resources.sh\"\n";
			showEnvVarsInLog = 0;
		};
		EF3530E93E88339A58973BFD /* [CP] Embed Pods Frameworks */ = {
			isa = PBXShellScriptBuildPhase;
			buildActionMask = 2147483647;
			files = (
			);
			inputPaths = (
				"${SRCROOT}/Pods/Target Support Files/Pods-Project_R/Pods-Project_R-frameworks.sh",
				"${BUILT_PRODUCTS_DIR}/Alamofire/Alamofire.framework",
				"${BUILT_PRODUCTS_DIR}/BoringSSL/openssl.framework",
				"${BUILT_PRODUCTS_DIR}/GTMSessionFetcher/GTMSessionFetcher.framework",
				"${BUILT_PRODUCTS_DIR}/GoogleToolboxForMac/GoogleToolboxForMac.framework",
				"${BUILT_PRODUCTS_DIR}/Nuke/Nuke.framework",
				"${BUILT_PRODUCTS_DIR}/Protobuf/Protobuf.framework",
				"${BUILT_PRODUCTS_DIR}/SDWebImage/SDWebImage.framework",
				"${BUILT_PRODUCTS_DIR}/SwiftyJSON/SwiftyJSON.framework",
				"${BUILT_PRODUCTS_DIR}/SwiftyUserDefaults/SwiftyUserDefaults.framework",
				"${BUILT_PRODUCTS_DIR}/Toucan/Toucan.framework",
				"${BUILT_PRODUCTS_DIR}/gRPC/GRPCClient.framework",
				"${BUILT_PRODUCTS_DIR}/gRPC-Core/grpc.framework",
				"${BUILT_PRODUCTS_DIR}/gRPC-ProtoRPC/ProtoRPC.framework",
				"${BUILT_PRODUCTS_DIR}/gRPC-RxLibrary/RxLibrary.framework",
				"${BUILT_PRODUCTS_DIR}/leveldb-library/leveldb.framework",
				"${BUILT_PRODUCTS_DIR}/nanopb/nanopb.framework",
			);
			name = "[CP] Embed Pods Frameworks";
			outputPaths = (
				"${TARGET_BUILD_DIR}/${FRAMEWORKS_FOLDER_PATH}/Alamofire.framework",
				"${TARGET_BUILD_DIR}/${FRAMEWORKS_FOLDER_PATH}/openssl.framework",
				"${TARGET_BUILD_DIR}/${FRAMEWORKS_FOLDER_PATH}/GTMSessionFetcher.framework",
				"${TARGET_BUILD_DIR}/${FRAMEWORKS_FOLDER_PATH}/GoogleToolboxForMac.framework",
				"${TARGET_BUILD_DIR}/${FRAMEWORKS_FOLDER_PATH}/Nuke.framework",
				"${TARGET_BUILD_DIR}/${FRAMEWORKS_FOLDER_PATH}/Protobuf.framework",
				"${TARGET_BUILD_DIR}/${FRAMEWORKS_FOLDER_PATH}/SDWebImage.framework",
				"${TARGET_BUILD_DIR}/${FRAMEWORKS_FOLDER_PATH}/SwiftyJSON.framework",
				"${TARGET_BUILD_DIR}/${FRAMEWORKS_FOLDER_PATH}/SwiftyUserDefaults.framework",
				"${TARGET_BUILD_DIR}/${FRAMEWORKS_FOLDER_PATH}/Toucan.framework",
				"${TARGET_BUILD_DIR}/${FRAMEWORKS_FOLDER_PATH}/GRPCClient.framework",
				"${TARGET_BUILD_DIR}/${FRAMEWORKS_FOLDER_PATH}/grpc.framework",
				"${TARGET_BUILD_DIR}/${FRAMEWORKS_FOLDER_PATH}/ProtoRPC.framework",
				"${TARGET_BUILD_DIR}/${FRAMEWORKS_FOLDER_PATH}/RxLibrary.framework",
				"${TARGET_BUILD_DIR}/${FRAMEWORKS_FOLDER_PATH}/leveldb.framework",
				"${TARGET_BUILD_DIR}/${FRAMEWORKS_FOLDER_PATH}/nanopb.framework",
			);
			runOnlyForDeploymentPostprocessing = 0;
			shellPath = /bin/sh;
			shellScript = "\"${SRCROOT}/Pods/Target Support Files/Pods-Project_R/Pods-Project_R-frameworks.sh\"\n";
			showEnvVarsInLog = 0;
		};
/* End PBXShellScriptBuildPhase section */

/* Begin PBXSourcesBuildPhase section */
		AE6444D720BD797E00216484 /* Sources */ = {
			isa = PBXSourcesBuildPhase;
			buildActionMask = 2147483647;
			files = (
				AE4F075320C8365100B6D230 /* MyPostsApi.swift in Sources */,
				AE3CF27920BFAF530074D5F7 /* CameraViewController.swift in Sources */,
				AEE4F4F520C7ADF10047A2B6 /* peopleViewController.swift in Sources */,
				AE3CF27420BFAF530074D5F7 /* SignUpViewController.swift in Sources */,
				AE3CF2AB20BFAF890074D5F7 /* PostCommentAPI.swift in Sources */,
				AE4F075120C8300F00B6D230 /* FollowApi.swift in Sources */,
				AE3CF28620BFAF530074D5F7 /* ImageZoom.swift in Sources */,
				AE64451B20BD79F500216484 /* ProgressHUD.m in Sources */,
				AE7AA98120C684FA00E9F805 /* CheckInViewController.swift in Sources */,
				AE3CF28520BFAF530074D5F7 /* ActivityViewController.swift in Sources */,
				AE7AA98B20C695A800E9F805 /* locationNameTableViewCell.swift in Sources */,
				AE3CF27720BFAF530074D5F7 /* OnboardVc.swift in Sources */,
				AE3CF25F20BFAF2A0074D5F7 /* PrefsManager.swift in Sources */,
				AE3CF27D20BFAF530074D5F7 /* CommentViewController.swift in Sources */,
				AE3CF2A720BFAF890074D5F7 /* PostAPI.swift in Sources */,
				AE3CF2A920BFAF890074D5F7 /* Post.swift in Sources */,
				AE3CF2A620BFAF890074D5F7 /* UserAPI.swift in Sources */,
				AE3CF28020BFAF530074D5F7 /* HomeTableViewCell.swift in Sources */,
				AE3CF2AD20BFAF890074D5F7 /* SortComment.swift in Sources */,
				AE7AA98320C6892500E9F805 /* checkInPost.swift in Sources */,
				AE3CF2B320C03C0B0074D5F7 /* NotificationViewController.swift in Sources */,
				AE64456B20BD7A6A00216484 /* AppDelegate.swift in Sources */,
				AE3CF2AC20BFAF890074D5F7 /* SortPost.swift in Sources */,
				AEE4F4F720C7B00B0047A2B6 /* peopleTableViewCell.swift in Sources */,
				AE3CF2A420BFAF890074D5F7 /* Comment.swift in Sources */,
				AE3CF27520BFAF530074D5F7 /* PhotoCollectionViewCell.swift in Sources */,
				AE3CF2AE20BFAF890074D5F7 /* CommentAPI.swift in Sources */,
				AE3CF2A820BFAF890074D5F7 /* API.swift in Sources */,
				AE4F075020C8300F00B6D230 /* FeedApi.swift in Sources */,
				AE3CF27E20BFAF530074D5F7 /* ProfileLinkViewController.swift in Sources */,
				AE3CF25A20BFAEC10074D5F7 /* Constants.swift in Sources */,
				AE3CF25E20BFAF2A0074D5F7 /* AuthService.swift in Sources */,
				AE3CF28220BFAF530074D5F7 /* ProfileHeaderCollectionReusableView.swift in Sources */,
				AE3CF28420BFAF530074D5F7 /* ForgetPassword.swift in Sources */,
				AE3CF2A520BFAF890074D5F7 /* UserPostAPI.swift in Sources */,
				AE3CF27620BFAF530074D5F7 /* TextScroll.swift in Sources */,
				AE3CF28320BFAF530074D5F7 /* SignInViewController.swift in Sources */,
				AE3CF27B20BFAF530074D5F7 /* ProfileViewController.swift in Sources */,
				AE3CF27C20BFAF530074D5F7 /* CommentTableViewCell.swift in Sources */,
				AE3CF27820BFAF530074D5F7 /* DiscoverViewController.swift in Sources */,
				AE3CF27F20BFAF530074D5F7 /* TermsServiceController.swift in Sources */,
				AE3CF27A20BFAF530074D5F7 /* HomeViewController.swift in Sources */,
				AE3CF2AA20BFAF890074D5F7 /* Users.swift in Sources */,
				AE3CF28120BFAF530074D5F7 /* UserViewController.swift in Sources */,
			);
			runOnlyForDeploymentPostprocessing = 0;
		};
		AE6444EB20BD798500216484 /* Sources */ = {
			isa = PBXSourcesBuildPhase;
			buildActionMask = 2147483647;
			files = (
				AE6444F420BD798500216484 /* Project_RTests.swift in Sources */,
			);
			runOnlyForDeploymentPostprocessing = 0;
		};
		AE6444F620BD798500216484 /* Sources */ = {
			isa = PBXSourcesBuildPhase;
			buildActionMask = 2147483647;
			files = (
				AE6444FF20BD798500216484 /* Project_RUITests.swift in Sources */,
			);
			runOnlyForDeploymentPostprocessing = 0;
		};
/* End PBXSourcesBuildPhase section */

/* Begin PBXTargetDependency section */
		AE6444F120BD798500216484 /* PBXTargetDependency */ = {
			isa = PBXTargetDependency;
			target = AE6444DA20BD797E00216484 /* Project_R */;
			targetProxy = AE6444F020BD798500216484 /* PBXContainerItemProxy */;
		};
		AE6444FC20BD798500216484 /* PBXTargetDependency */ = {
			isa = PBXTargetDependency;
			target = AE6444DA20BD797E00216484 /* Project_R */;
			targetProxy = AE6444FB20BD798500216484 /* PBXContainerItemProxy */;
		};
/* End PBXTargetDependency section */

/* Begin PBXVariantGroup section */
		AE6444E720BD798500216484 /* LaunchScreen.storyboard */ = {
			isa = PBXVariantGroup;
			children = (
				AE6444E820BD798500216484 /* Base */,
			);
			name = LaunchScreen.storyboard;
			sourceTree = "<group>";
		};
/* End PBXVariantGroup section */

/* Begin XCBuildConfiguration section */
		AE64450120BD798500216484 /* Debug */ = {
			isa = XCBuildConfiguration;
			buildSettings = {
				ALWAYS_SEARCH_USER_PATHS = NO;
				CLANG_ANALYZER_NONNULL = YES;
				CLANG_ANALYZER_NUMBER_OBJECT_CONVERSION = YES_AGGRESSIVE;
				CLANG_CXX_LANGUAGE_STANDARD = "gnu++14";
				CLANG_CXX_LIBRARY = "libc++";
				CLANG_ENABLE_MODULES = YES;
				CLANG_ENABLE_OBJC_ARC = YES;
				CLANG_ENABLE_OBJC_WEAK = YES;
				CLANG_WARN_BLOCK_CAPTURE_AUTORELEASING = YES;
				CLANG_WARN_BOOL_CONVERSION = YES;
				CLANG_WARN_COMMA = YES;
				CLANG_WARN_CONSTANT_CONVERSION = YES;
				CLANG_WARN_DEPRECATED_OBJC_IMPLEMENTATIONS = YES;
				CLANG_WARN_DIRECT_OBJC_ISA_USAGE = YES_ERROR;
				CLANG_WARN_DOCUMENTATION_COMMENTS = YES;
				CLANG_WARN_EMPTY_BODY = YES;
				CLANG_WARN_ENUM_CONVERSION = YES;
				CLANG_WARN_INFINITE_RECURSION = YES;
				CLANG_WARN_INT_CONVERSION = YES;
				CLANG_WARN_NON_LITERAL_NULL_CONVERSION = YES;
				CLANG_WARN_OBJC_IMPLICIT_RETAIN_SELF = YES;
				CLANG_WARN_OBJC_LITERAL_CONVERSION = YES;
				CLANG_WARN_OBJC_ROOT_CLASS = YES_ERROR;
				CLANG_WARN_RANGE_LOOP_ANALYSIS = YES;
				CLANG_WARN_STRICT_PROTOTYPES = YES;
				CLANG_WARN_SUSPICIOUS_MOVE = YES;
				CLANG_WARN_UNGUARDED_AVAILABILITY = YES_AGGRESSIVE;
				CLANG_WARN_UNREACHABLE_CODE = YES;
				CLANG_WARN__DUPLICATE_METHOD_MATCH = YES;
				CODE_SIGN_IDENTITY = "iPhone Developer";
				COPY_PHASE_STRIP = NO;
				DEBUG_INFORMATION_FORMAT = dwarf;
				ENABLE_STRICT_OBJC_MSGSEND = YES;
				ENABLE_TESTABILITY = YES;
				GCC_C_LANGUAGE_STANDARD = gnu11;
				GCC_DYNAMIC_NO_PIC = NO;
				GCC_NO_COMMON_BLOCKS = YES;
				GCC_OPTIMIZATION_LEVEL = 0;
				GCC_PREPROCESSOR_DEFINITIONS = (
					"DEBUG=1",
					"$(inherited)",
				);
				GCC_WARN_64_TO_32_BIT_CONVERSION = YES;
				GCC_WARN_ABOUT_RETURN_TYPE = YES_ERROR;
				GCC_WARN_UNDECLARED_SELECTOR = YES;
				GCC_WARN_UNINITIALIZED_AUTOS = YES_AGGRESSIVE;
				GCC_WARN_UNUSED_FUNCTION = YES;
				GCC_WARN_UNUSED_VARIABLE = YES;
				IPHONEOS_DEPLOYMENT_TARGET = 11.3;
				MTL_ENABLE_DEBUG_INFO = YES;
				ONLY_ACTIVE_ARCH = YES;
				SDKROOT = iphoneos;
				SWIFT_ACTIVE_COMPILATION_CONDITIONS = DEBUG;
				SWIFT_OPTIMIZATION_LEVEL = "-Onone";
			};
			name = Debug;
		};
		AE64450220BD798500216484 /* Release */ = {
			isa = XCBuildConfiguration;
			buildSettings = {
				ALWAYS_SEARCH_USER_PATHS = NO;
				CLANG_ANALYZER_NONNULL = YES;
				CLANG_ANALYZER_NUMBER_OBJECT_CONVERSION = YES_AGGRESSIVE;
				CLANG_CXX_LANGUAGE_STANDARD = "gnu++14";
				CLANG_CXX_LIBRARY = "libc++";
				CLANG_ENABLE_MODULES = YES;
				CLANG_ENABLE_OBJC_ARC = YES;
				CLANG_ENABLE_OBJC_WEAK = YES;
				CLANG_WARN_BLOCK_CAPTURE_AUTORELEASING = YES;
				CLANG_WARN_BOOL_CONVERSION = YES;
				CLANG_WARN_COMMA = YES;
				CLANG_WARN_CONSTANT_CONVERSION = YES;
				CLANG_WARN_DEPRECATED_OBJC_IMPLEMENTATIONS = YES;
				CLANG_WARN_DIRECT_OBJC_ISA_USAGE = YES_ERROR;
				CLANG_WARN_DOCUMENTATION_COMMENTS = YES;
				CLANG_WARN_EMPTY_BODY = YES;
				CLANG_WARN_ENUM_CONVERSION = YES;
				CLANG_WARN_INFINITE_RECURSION = YES;
				CLANG_WARN_INT_CONVERSION = YES;
				CLANG_WARN_NON_LITERAL_NULL_CONVERSION = YES;
				CLANG_WARN_OBJC_IMPLICIT_RETAIN_SELF = YES;
				CLANG_WARN_OBJC_LITERAL_CONVERSION = YES;
				CLANG_WARN_OBJC_ROOT_CLASS = YES_ERROR;
				CLANG_WARN_RANGE_LOOP_ANALYSIS = YES;
				CLANG_WARN_STRICT_PROTOTYPES = YES;
				CLANG_WARN_SUSPICIOUS_MOVE = YES;
				CLANG_WARN_UNGUARDED_AVAILABILITY = YES_AGGRESSIVE;
				CLANG_WARN_UNREACHABLE_CODE = YES;
				CLANG_WARN__DUPLICATE_METHOD_MATCH = YES;
				CODE_SIGN_IDENTITY = "iPhone Developer";
				COPY_PHASE_STRIP = NO;
				DEBUG_INFORMATION_FORMAT = "dwarf-with-dsym";
				ENABLE_NS_ASSERTIONS = NO;
				ENABLE_STRICT_OBJC_MSGSEND = YES;
				GCC_C_LANGUAGE_STANDARD = gnu11;
				GCC_NO_COMMON_BLOCKS = YES;
				GCC_WARN_64_TO_32_BIT_CONVERSION = YES;
				GCC_WARN_ABOUT_RETURN_TYPE = YES_ERROR;
				GCC_WARN_UNDECLARED_SELECTOR = YES;
				GCC_WARN_UNINITIALIZED_AUTOS = YES_AGGRESSIVE;
				GCC_WARN_UNUSED_FUNCTION = YES;
				GCC_WARN_UNUSED_VARIABLE = YES;
				IPHONEOS_DEPLOYMENT_TARGET = 11.3;
				MTL_ENABLE_DEBUG_INFO = NO;
				SDKROOT = iphoneos;
				SWIFT_COMPILATION_MODE = wholemodule;
				SWIFT_OPTIMIZATION_LEVEL = "-O";
				VALIDATE_PRODUCT = YES;
			};
			name = Release;
		};
		AE64450420BD798500216484 /* Debug */ = {
			isa = XCBuildConfiguration;
			baseConfigurationReference = 6D45ED1DC474B8A027E98B41 /* Pods-Project_R.debug.xcconfig */;
			buildSettings = {
				ASSETCATALOG_COMPILER_APPICON_NAME = AppIcon;
				CLANG_ENABLE_MODULES = YES;
				CODE_SIGN_ENTITLEMENTS = Project_R/Project_R.entitlements;
				CODE_SIGN_STYLE = Automatic;
				DEVELOPMENT_TEAM = XSJRRDKMW9;
				INFOPLIST_FILE = Project_R/Info.plist;
				IPHONEOS_DEPLOYMENT_TARGET = 10.1;
				LD_RUNPATH_SEARCH_PATHS = (
					"$(inherited)",
					"@executable_path/Frameworks",
				);
				PRODUCT_BUNDLE_IDENTIFIER = "com.czsm.Project-R";
				PRODUCT_NAME = "$(TARGET_NAME)";
				SWIFT_OBJC_BRIDGING_HEADER = "Project_R/ProgressHUD/Project_R-Bridging-Header.h";
				SWIFT_OPTIMIZATION_LEVEL = "-Onone";
				SWIFT_VERSION = 4.0;
				TARGETED_DEVICE_FAMILY = "1,2";
			};
			name = Debug;
		};
		AE64450520BD798500216484 /* Release */ = {
			isa = XCBuildConfiguration;
			baseConfigurationReference = D750F312C92204BB9E00B3D1 /* Pods-Project_R.release.xcconfig */;
			buildSettings = {
				ASSETCATALOG_COMPILER_APPICON_NAME = AppIcon;
				CLANG_ENABLE_MODULES = YES;
				CODE_SIGN_ENTITLEMENTS = Project_R/Project_R.entitlements;
				CODE_SIGN_STYLE = Automatic;
				DEVELOPMENT_TEAM = XSJRRDKMW9;
				INFOPLIST_FILE = Project_R/Info.plist;
				IPHONEOS_DEPLOYMENT_TARGET = 10.1;
				LD_RUNPATH_SEARCH_PATHS = (
					"$(inherited)",
					"@executable_path/Frameworks",
				);
				PRODUCT_BUNDLE_IDENTIFIER = "com.czsm.Project-R";
				PRODUCT_NAME = "$(TARGET_NAME)";
				SWIFT_OBJC_BRIDGING_HEADER = "Project_R/ProgressHUD/Project_R-Bridging-Header.h";
				SWIFT_VERSION = 4.0;
				TARGETED_DEVICE_FAMILY = "1,2";
			};
			name = Release;
		};
		AE64450720BD798500216484 /* Debug */ = {
			isa = XCBuildConfiguration;
			baseConfigurationReference = 6414D70B7790359292C044A4 /* Pods-Project_RTests.debug.xcconfig */;
			buildSettings = {
				ALWAYS_EMBED_SWIFT_STANDARD_LIBRARIES = YES;
				BUNDLE_LOADER = "$(TEST_HOST)";
				CODE_SIGN_STYLE = Automatic;
				DEVELOPMENT_TEAM = XSJRRDKMW9;
				INFOPLIST_FILE = Project_RTests/Info.plist;
				LD_RUNPATH_SEARCH_PATHS = (
					"$(inherited)",
					"@executable_path/Frameworks",
					"@loader_path/Frameworks",
				);
				PRODUCT_BUNDLE_IDENTIFIER = "com.czsm.Project-RTests";
				PRODUCT_NAME = "$(TARGET_NAME)";
				SWIFT_VERSION = 4.0;
				TARGETED_DEVICE_FAMILY = "1,2";
				TEST_HOST = "$(BUILT_PRODUCTS_DIR)/Project_R.app/Project_R";
			};
			name = Debug;
		};
		AE64450820BD798500216484 /* Release */ = {
			isa = XCBuildConfiguration;
			baseConfigurationReference = FCE183EFE0E23253BBEF7754 /* Pods-Project_RTests.release.xcconfig */;
			buildSettings = {
				ALWAYS_EMBED_SWIFT_STANDARD_LIBRARIES = YES;
				BUNDLE_LOADER = "$(TEST_HOST)";
				CODE_SIGN_STYLE = Automatic;
				DEVELOPMENT_TEAM = XSJRRDKMW9;
				INFOPLIST_FILE = Project_RTests/Info.plist;
				LD_RUNPATH_SEARCH_PATHS = (
					"$(inherited)",
					"@executable_path/Frameworks",
					"@loader_path/Frameworks",
				);
				PRODUCT_BUNDLE_IDENTIFIER = "com.czsm.Project-RTests";
				PRODUCT_NAME = "$(TARGET_NAME)";
				SWIFT_VERSION = 4.0;
				TARGETED_DEVICE_FAMILY = "1,2";
				TEST_HOST = "$(BUILT_PRODUCTS_DIR)/Project_R.app/Project_R";
			};
			name = Release;
		};
		AE64450A20BD798500216484 /* Debug */ = {
			isa = XCBuildConfiguration;
			baseConfigurationReference = 1FA443CF77ABD732C0AD5CBA /* Pods-Project_RUITests.debug.xcconfig */;
			buildSettings = {
				ALWAYS_EMBED_SWIFT_STANDARD_LIBRARIES = YES;
				CODE_SIGN_STYLE = Automatic;
				DEVELOPMENT_TEAM = XSJRRDKMW9;
				INFOPLIST_FILE = Project_RUITests/Info.plist;
				LD_RUNPATH_SEARCH_PATHS = (
					"$(inherited)",
					"@executable_path/Frameworks",
					"@loader_path/Frameworks",
				);
				PRODUCT_BUNDLE_IDENTIFIER = "com.czsm.Project-RUITests";
				PRODUCT_NAME = "$(TARGET_NAME)";
				SWIFT_VERSION = 4.0;
				TARGETED_DEVICE_FAMILY = "1,2";
				TEST_TARGET_NAME = Project_R;
			};
			name = Debug;
		};
		AE64450B20BD798500216484 /* Release */ = {
			isa = XCBuildConfiguration;
			baseConfigurationReference = 8BED8746D785E3F6D324DD8D /* Pods-Project_RUITests.release.xcconfig */;
			buildSettings = {
				ALWAYS_EMBED_SWIFT_STANDARD_LIBRARIES = YES;
				CODE_SIGN_STYLE = Automatic;
				DEVELOPMENT_TEAM = XSJRRDKMW9;
				INFOPLIST_FILE = Project_RUITests/Info.plist;
				LD_RUNPATH_SEARCH_PATHS = (
					"$(inherited)",
					"@executable_path/Frameworks",
					"@loader_path/Frameworks",
				);
				PRODUCT_BUNDLE_IDENTIFIER = "com.czsm.Project-RUITests";
				PRODUCT_NAME = "$(TARGET_NAME)";
				SWIFT_VERSION = 4.0;
				TARGETED_DEVICE_FAMILY = "1,2";
				TEST_TARGET_NAME = Project_R;
			};
			name = Release;
		};
/* End XCBuildConfiguration section */

/* Begin XCConfigurationList section */
		AE6444D620BD797E00216484 /* Build configuration list for PBXProject "Project_R" */ = {
			isa = XCConfigurationList;
			buildConfigurations = (
				AE64450120BD798500216484 /* Debug */,
				AE64450220BD798500216484 /* Release */,
			);
			defaultConfigurationIsVisible = 0;
			defaultConfigurationName = Release;
		};
		AE64450320BD798500216484 /* Build configuration list for PBXNativeTarget "Project_R" */ = {
			isa = XCConfigurationList;
			buildConfigurations = (
				AE64450420BD798500216484 /* Debug */,
				AE64450520BD798500216484 /* Release */,
			);
			defaultConfigurationIsVisible = 0;
			defaultConfigurationName = Release;
		};
		AE64450620BD798500216484 /* Build configuration list for PBXNativeTarget "Project_RTests" */ = {
			isa = XCConfigurationList;
			buildConfigurations = (
				AE64450720BD798500216484 /* Debug */,
				AE64450820BD798500216484 /* Release */,
			);
			defaultConfigurationIsVisible = 0;
			defaultConfigurationName = Release;
		};
		AE64450920BD798500216484 /* Build configuration list for PBXNativeTarget "Project_RUITests" */ = {
			isa = XCConfigurationList;
			buildConfigurations = (
				AE64450A20BD798500216484 /* Debug */,
				AE64450B20BD798500216484 /* Release */,
			);
			defaultConfigurationIsVisible = 0;
			defaultConfigurationName = Release;
		};
/* End XCConfigurationList section */
	};
	rootObject = AE6444D320BD797E00216484 /* Project object */;
}
